
Microsoft Visual Studio Solution File, Format Version 12.00
# Visual Studio Version 16
VisualStudioVersion = 16.0.30711.63
MinimumVisualStudioVersion = 10.0.40219.1
Project("{FAE04EC0-301F-11D3-BF4B-00C04F79EFBC}") = "Ciphers_", "Ciphers_\Ciphers_.csproj", "{C70BB3C1-9AAF-489D-84CD-1EF006B8880C}"
EndProject
Global
	GlobalSection(SolutionConfigurationPlatforms) = preSolution
		Debug|Any CPU = Debug|Any CPU
		Release|Any CPU = Release|Any CPU
	EndGlobalSection
	GlobalSection(ProjectConfigurationPlatforms) = postSolution
		{C70BB3C1-9AAF-489D-84CD-1EF006B8880C}.Debug|Any CPU.ActiveCfg = Debug|Any CPU
		{C70BB3C1-9AAF-489D-84CD-1EF006B8880C}.Debug|Any CPU.Build.0 = Debug|Any CPU
		{C70BB3C1-9AAF-489D-84CD-1EF006B8880C}.Release|Any CPU.ActiveCfg = Release|Any CPU
		{C70BB3C1-9AAF-489D-84CD-1EF006B8880C}.Release|Any CPU.Build.0 = Release|Any CPU
	EndGlobalSection
	GlobalSection(SolutionProperties) = preSolution
		HideSolutionNode = FALSE
	EndGlobalSection
	GlobalSection(ExtensibilityGlobals) = postSolution
		SolutionGuid = {4A06BD2E-D704-4D1F-84B2-BF4CF5872275}
	EndGlobalSection
EndGlobal
